// !$*UTF8*$!
{
	archiveVersion = 1;
	classes = {
	};
	objectVersion = 51;
	objects = {

/* Begin PBXBuildFile section */
		0F3BBCBD13AF40C8DE69C1E7 /* Pods_ChatApp1.framework in Frameworks */ = {isa = PBXBuildFile; fileRef = 9A0C90EA23B08E2943143C41 /* Pods_ChatApp1.framework */; };
		3F03273324A08383006470F6 /* ChatViewController.swift in Sources */ = {isa = PBXBuildFile; fileRef = 3F03273224A08383006470F6 /* ChatViewController.swift */; };
		3F03273524A08507006470F6 /* LoginViewController.swift in Sources */ = {isa = PBXBuildFile; fileRef = 3F03273424A08507006470F6 /* LoginViewController.swift */; };
		3F03273824A0A9FE006470F6 /* CustomCell.swift in Sources */ = {isa = PBXBuildFile; fileRef = 3F03273624A0A9FE006470F6 /* CustomCell.swift */; };
		3F03273924A0A9FE006470F6 /* CustomCell.xib in Resources */ = {isa = PBXBuildFile; fileRef = 3F03273724A0A9FE006470F6 /* CustomCell.xib */; };
		3F54C207249CA7820045F9F1 /* RegisterViewController.swift in Sources */ = {isa = PBXBuildFile; fileRef = 3F54C206249CA7820045F9F1 /* RegisterViewController.swift */; };
		3FAC6A252496FB9D004300E7 /* AppDelegate.swift in Sources */ = {isa = PBXBuildFile; fileRef = 3FAC6A242496FB9D004300E7 /* AppDelegate.swift */; };
		3FAC6A272496FB9D004300E7 /* SceneDelegate.swift in Sources */ = {isa = PBXBuildFile; fileRef = 3FAC6A262496FB9D004300E7 /* SceneDelegate.swift */; };
		3FAC6A292496FB9D004300E7 /* ViewController.swift in Sources */ = {isa = PBXBuildFile; fileRef = 3FAC6A282496FB9D004300E7 /* ViewController.swift */; };
		3FAC6A2C2496FB9D004300E7 /* Main.storyboard in Resources */ = {isa = PBXBuildFile; fileRef = 3FAC6A2A2496FB9D004300E7 /* Main.storyboard */; };
		3FAC6A2E2496FBA5004300E7 /* Assets.xcassets in Resources */ = {isa = PBXBuildFile; fileRef = 3FAC6A2D2496FBA5004300E7 /* Assets.xcassets */; };
		3FAC6A312496FBA5004300E7 /* LaunchScreen.storyboard in Resources */ = {isa = PBXBuildFile; fileRef = 3FAC6A2F2496FBA5004300E7 /* LaunchScreen.storyboard */; };
/* End PBXBuildFile section */

/* Begin PBXFileReference section */
		3F03273224A08383006470F6 /* ChatViewController.swift */ = {isa = PBXFileReference; lastKnownFileType = sourcecode.swift; path = ChatViewController.swift; sourceTree = "<group>"; };
		3F03273424A08507006470F6 /* LoginViewController.swift */ = {isa = PBXFileReference; lastKnownFileType = sourcecode.swift; path = LoginViewController.swift; sourceTree = "<group>"; };
		3F03273624A0A9FE006470F6 /* CustomCell.swift */ = {isa = PBXFileReference; lastKnownFileType = sourcecode.swift; path = CustomCell.swift; sourceTree = "<group>"; };
		3F03273724A0A9FE006470F6 /* CustomCell.xib */ = {isa = PBXFileReference; lastKnownFileType = file.xib; path = CustomCell.xib; sourceTree = "<group>"; };
		3F54C206249CA7820045F9F1 /* RegisterViewController.swift */ = {isa = PBXFileReference; lastKnownFileType = sourcecode.swift; path = RegisterViewController.swift; sourceTree = "<group>"; };
		3FAC6A212496FB9D004300E7 /* ChatApp1.app */ = {isa = PBXFileReference; explicitFileType = wrapper.application; includeInIndex = 0; path = ChatApp1.app; sourceTree = BUILT_PRODUCTS_DIR; };
		3FAC6A242496FB9D004300E7 /* AppDelegate.swift */ = {isa = PBXFileReference; lastKnownFileType = sourcecode.swift; path = AppDelegate.swift; sourceTree = "<group>"; };
		3FAC6A262496FB9D004300E7 /* SceneDelegate.swift */ = {isa = PBXFileReference; lastKnownFileType = sourcecode.swift; path = SceneDelegate.swift; sourceTree = "<group>"; };
		3FAC6A282496FB9D004300E7 /* ViewController.swift */ = {isa = PBXFileReference; lastKnownFileType = sourcecode.swift; path = ViewController.swift; sourceTree = "<group>"; };
		3FAC6A2B2496FB9D004300E7 /* Base */ = {isa = PBXFileReference; lastKnownFileType = file.storyboard; name = Base; path = Base.lproj/Main.storyboard; sourceTree = "<group>"; };
		3FAC6A2D2496FBA5004300E7 /* Assets.xcassets */ = {isa = PBXFileReference; lastKnownFileType = folder.assetcatalog; path = Assets.xcassets; sourceTree = "<group>"; };
		3FAC6A302496FBA5004300E7 /* Base */ = {isa = PBXFileReference; lastKnownFileType = file.storyboard; name = Base; path = Base.lproj/LaunchScreen.storyboard; sourceTree = "<group>"; };
		3FAC6A322496FBA5004300E7 /* Info.plist */ = {isa = PBXFileReference; lastKnownFileType = text.plist.xml; path = Info.plist; sourceTree = "<group>"; };
		5DE270A09DD5252853AD8F7C /* Pods-ChatApp1.release.xcconfig */ = {isa = PBXFileReference; includeInIndex = 1; lastKnownFileType = text.xcconfig; name = "Pods-ChatApp1.release.xcconfig"; path = "Target Support Files/Pods-ChatApp1/Pods-ChatApp1.release.xcconfig"; sourceTree = "<group>"; };
		9A0C90EA23B08E2943143C41 /* Pods_ChatApp1.framework */ = {isa = PBXFileReference; explicitFileType = wrapper.framework; includeInIndex = 0; path = Pods_ChatApp1.framework; sourceTree = BUILT_PRODUCTS_DIR; };
		FAFD7D0D8E94B218D7F3A553 /* Pods-ChatApp1.debug.xcconfig */ = {isa = PBXFileReference; includeInIndex = 1; lastKnownFileType = text.xcconfig; name = "Pods-ChatApp1.debug.xcconfig"; path = "Target Support Files/Pods-ChatApp1/Pods-ChatApp1.debug.xcconfig"; sourceTree = "<group>"; };
/* End PBXFileReference section */

/* Begin PBXFrameworksBuildPhase section */
		3FAC6A1E2496FB9D004300E7 /* Frameworks */ = {
			isa = PBXFrameworksBuildPhase;
			buildActionMask = 2147483647;
			files = (
				0F3BBCBD13AF40C8DE69C1E7 /* Pods_ChatApp1.framework in Frameworks */,
			);
			runOnlyForDeploymentPostprocessing = 0;
		};
/* End PBXFrameworksBuildPhase section */

/* Begin PBXGroup section */
		294844AF4929A19EBD075CB9 /* Pods */ = {
			isa = PBXGroup;
			children = (
				FAFD7D0D8E94B218D7F3A553 /* Pods-ChatApp1.debug.xcconfig */,
				5DE270A09DD5252853AD8F7C /* Pods-ChatApp1.release.xcconfig */,
			);
			path = Pods;
			sourceTree = "<group>";
		};
		3FAC6A182496FB9D004300E7 = {
			isa = PBXGroup;
			children = (
				3FAC6A232496FB9D004300E7 /* ChatApp1 */,
				3FAC6A222496FB9D004300E7 /* Products */,
				294844AF4929A19EBD075CB9 /* Pods */,
				49F3FCDE0E24B144A5E128BE /* Frameworks */,
			);
			sourceTree = "<group>";
		};
		3FAC6A222496FB9D004300E7 /* Products */ = {
			isa = PBXGroup;
			children = (
				3FAC6A212496FB9D004300E7 /* ChatApp1.app */,
			);
			name = Products;
			sourceTree = "<group>";
		};
		3FAC6A232496FB9D004300E7 /* ChatApp1 */ = {
			isa = PBXGroup;
			children = (
				3FAC6A38249706B2004300E7 /* Model */,
				3FAC6A3A249706C0004300E7 /* Controller */,
				3FAC6A39249706B8004300E7 /* View */,
				3FAC6A2F2496FBA5004300E7 /* LaunchScreen.storyboard */,
				3FAC6A322496FBA5004300E7 /* Info.plist */,
			);
			path = ChatApp1;
			sourceTree = "<group>";
		};
		3FAC6A38249706B2004300E7 /* Model */ = {
			isa = PBXGroup;
			children = (
			);
			path = Model;
			sourceTree = "<group>";
		};
		3FAC6A39249706B8004300E7 /* View */ = {
			isa = PBXGroup;
			children = (
				3FAC6A2A2496FB9D004300E7 /* Main.storyboard */,
				3FAC6A2D2496FBA5004300E7 /* Assets.xcassets */,
				3F03273624A0A9FE006470F6 /* CustomCell.swift */,
				3F03273724A0A9FE006470F6 /* CustomCell.xib */,
			);
			path = View;
			sourceTree = "<group>";
		};
		3FAC6A3A249706C0004300E7 /* Controller */ = {
			isa = PBXGroup;
			children = (
				3FAC6A242496FB9D004300E7 /* AppDelegate.swift */,
				3FAC6A262496FB9D004300E7 /* SceneDelegate.swift */,
				3FAC6A282496FB9D004300E7 /* ViewController.swift */,
				3F54C206249CA7820045F9F1 /* RegisterViewController.swift */,
				3F03273224A08383006470F6 /* ChatViewController.swift */,
				3F03273424A08507006470F6 /* LoginViewController.swift */,
			);
			path = Controller;
			sourceTree = "<group>";
		};
		49F3FCDE0E24B144A5E128BE /* Frameworks */ = {
			isa = PBXGroup;
			children = (
				9A0C90EA23B08E2943143C41 /* Pods_ChatApp1.framework */,
			);
			name = Frameworks;
			sourceTree = "<group>";
		};
/* End PBXGroup section */

/* Begin PBXNativeTarget section */
		3FAC6A202496FB9D004300E7 /* ChatApp1 */ = {
			isa = PBXNativeTarget;
			buildConfigurationList = 3FAC6A352496FBA5004300E7 /* Build configuration list for PBXNativeTarget "ChatApp1" */;
			buildPhases = (
				31360A6478343EDD3020E02E /* [CP] Check Pods Manifest.lock */,
				3FAC6A1D2496FB9D004300E7 /* Sources */,
				3FAC6A1E2496FB9D004300E7 /* Frameworks */,
				3FAC6A1F2496FB9D004300E7 /* Resources */,
				CF01DC42FAB19A157C40D399 /* [CP] Embed Pods Frameworks */,
			);
			buildRules = (
			);
			dependencies = (
			);
			name = ChatApp1;
			productName = ChatApp1;
			productReference = 3FAC6A212496FB9D004300E7 /* ChatApp1.app */;
			productType = "com.apple.product-type.application";
		};
/* End PBXNativeTarget section */

/* Begin PBXProject section */
		3FAC6A192496FB9D004300E7 /* Project object */ = {
			isa = PBXProject;
			attributes = {
				LastSwiftUpdateCheck = 1140;
				LastUpgradeCheck = 1140;
				ORGANIZATIONNAME = "Yuma Sato";
				TargetAttributes = {
					3FAC6A202496FB9D004300E7 = {
						CreatedOnToolsVersion = 11.4.1;
					};
				};
			};
			buildConfigurationList = 3FAC6A1C2496FB9D004300E7 /* Build configuration list for PBXProject "ChatApp1" */;
			compatibilityVersion = "Xcode 9.3";
			developmentRegion = en;
			hasScannedForEncodings = 0;
			knownRegions = (
				en,
				Base,
			);
			mainGroup = 3FAC6A182496FB9D004300E7;
			productRefGroup = 3FAC6A222496FB9D004300E7 /* Products */;
			projectDirPath = "";
			projectRoot = "";
			targets = (
				3FAC6A202496FB9D004300E7 /* ChatApp1 */,
			);
		};
/* End PBXProject section */

/* Begin PBXResourcesBuildPhase section */
		3FAC6A1F2496FB9D004300E7 /* Resources */ = {
			isa = PBXResourcesBuildPhase;
			buildActionMask = 2147483647;
			files = (
				3FAC6A312496FBA5004300E7 /* LaunchScreen.storyboard in Resources */,
				3FAC6A2E2496FBA5004300E7 /* Assets.xcassets in Resources */,
				3F03273924A0A9FE006470F6 /* CustomCell.xib in Resources */,
				3FAC6A2C2496FB9D004300E7 /* Main.storyboard in Resources */,
			);
			runOnlyForDeploymentPostprocessing = 0;
		};
/* End PBXResourcesBuildPhase section */

/* Begin PBXShellScriptBuildPhase section */
		31360A6478343EDD3020E02E /* [CP] Check Pods Manifest.lock */ = {
			isa = PBXShellScriptBuildPhase;
			buildActionMask = 2147483647;
			files = (
			);
			inputFileListPaths = (
			);
			inputPaths = (
				"${PODS_PODFILE_DIR_PATH}/Podfile.lock",
				"${PODS_ROOT}/Manifest.lock",
			);
			name = "[CP] Check Pods Manifest.lock";
			outputFileListPaths = (
			);
			outputPaths = (
				"$(DERIVED_FILE_DIR)/Pods-ChatApp1-checkManifestLockResult.txt",
			);
			runOnlyForDeploymentPostprocessing = 0;
			shellPath = /bin/sh;
			shellScript = "diff \"${PODS_PODFILE_DIR_PATH}/Podfile.lock\" \"${PODS_ROOT}/Manifest.lock\" > /dev/null\nif [ $? != 0 ] ; then\n    # print error to STDERR\n    echo \"error: The sandbox is not in sync with the Podfile.lock. Run 'pod install' or update your CocoaPods installation.\" >&2\n    exit 1\nfi\n# This output is used by Xcode 'outputs' to avoid re-running this script phase.\necho \"SUCCESS\" > \"${SCRIPT_OUTPUT_FILE_0}\"\n";
			showEnvVarsInLog = 0;
		};
		CF01DC42FAB19A157C40D399 /* [CP] Embed Pods Frameworks */ = {
			isa = PBXShellScriptBuildPhase;
			buildActionMask = 2147483647;
			files = (
			);
			inputFileListPaths = (
				"${PODS_ROOT}/Target Support Files/Pods-ChatApp1/Pods-ChatApp1-frameworks-${CONFIGURATION}-input-files.xcfilelist",
			);
			name = "[CP] Embed Pods Frameworks";
			outputFileListPaths = (
				"${PODS_ROOT}/Target Support Files/Pods-ChatApp1/Pods-ChatApp1-frameworks-${CONFIGURATION}-output-files.xcfilelist",
			);
			runOnlyForDeploymentPostprocessing = 0;
			shellPath = /bin/sh;
			shellScript = "\"${PODS_ROOT}/Target Support Files/Pods-ChatApp1/Pods-ChatApp1-frameworks.sh\"\n";
			showEnvVarsInLog = 0;
		};
/* End PBXShellScriptBuildPhase section */

/* Begin PBXSourcesBuildPhase section */
		3FAC6A1D2496FB9D004300E7 /* Sources */ = {
			isa = PBXSourcesBuildPhase;
			buildActionMask = 2147483647;
			files = (
				3F03273524A08507006470F6 /* LoginViewController.swift in Sources */,
				3FAC6A292496FB9D004300E7 /* ViewController.swift in Sources */,
				3FAC6A252496FB9D004300E7 /* AppDelegate.swift in Sources */,
				3FAC6A272496FB9D004300E7 /* SceneDelegate.swift in Sources */,
				3F03273324A08383006470F6 /* ChatViewController.swift in Sources */,
				3F03273824A0A9FE006470F6 /* CustomCell.swift in Sources */,
				3F54C207249CA7820045F9F1 /* RegisterViewController.swift in Sources */,
			);
			runOnlyForDeploymentPostprocessing = 0;
		};
/* End PBXSourcesBuildPhase section */

/* Begin PBXVariantGroup section */
		3FAC6A2A2496FB9D004300E7 /* Main.storyboard */ = {
			isa = PBXVariantGroup;
			children = (
				3FAC6A2B2496FB9D004300E7 /* Base */,
			);
			name = Main.storyboard;
			sourceTree = "<group>";
		};
		3FAC6A2F2496FBA5004300E7 /* LaunchScreen.storyboard */ = {
			isa = PBXVariantGroup;
			children = (
				3FAC6A302496FBA5004300E7 /* Base */,
			);
			name = LaunchScreen.storyboard;
			sourceTree = "<group>";
		};
/* End PBXVariantGroup section */

/* Begin XCBuildConfiguration section */
		3FAC6A332496FBA5004300E7 /* Debug */ = {
			isa = XCBuildConfiguration;
			buildSettings = {
				ALWAYS_SEARCH_USER_PATHS = NO;
				CLANG_ANALYZER_NONNULL = YES;
				CLANG_ANALYZER_NUMBER_OBJECT_CONVERSION = YES_AGGRESSIVE;
				CLANG_CXX_LANGUAGE_STANDARD = "gnu++14";
				CLANG_CXX_LIBRARY = "libc++";
				CLANG_ENABLE_MODULES = YES;
				CLANG_ENABLE_OBJC_ARC = YES;
				CLANG_ENABLE_OBJC_WEAK = YES;
				CLANG_WARN_BLOCK_CAPTURE_AUTORELEASING = YES;
				CLANG_WARN_BOOL_CONVERSION = YES;
				CLANG_WARN_COMMA = YES;
				CLANG_WARN_CONSTANT_CONVERSION = YES;
				CLANG_WARN_DEPRECATED_OBJC_IMPLEMENTATIONS = YES;
				CLANG_WARN_DIRECT_OBJC_ISA_USAGE = YES_ERROR;
				CLANG_WARN_DOCUMENTATION_COMMENTS = YES;
				CLANG_WARN_EMPTY_BODY = YES;
				CLANG_WARN_ENUM_CONVERSION = YES;
				CLANG_WARN_INFINITE_RECURSION = YES;
				CLANG_WARN_INT_CONVERSION = YES;
				CLANG_WARN_NON_LITERAL_NULL_CONVERSION = YES;
				CLANG_WARN_OBJC_IMPLICIT_RETAIN_SELF = YES;
				CLANG_WARN_OBJC_LITERAL_CONVERSION = YES;
				CLANG_WARN_OBJC_ROOT_CLASS = YES_ERROR;
				CLANG_WARN_RANGE_LOOP_ANALYSIS = YES;
				CLANG_WARN_STRICT_PROTOTYPES = YES;
				CLANG_WARN_SUSPICIOUS_MOVE = YES;
				CLANG_WARN_UNGUARDED_AVAILABILITY = YES_AGGRESSIVE;
				CLANG_WARN_UNREACHABLE_CODE = YES;
				CLANG_WARN__DUPLICATE_METHOD_MATCH = YES;
				COPY_PHASE_STRIP = NO;
				DEBUG_INFORMATION_FORMAT = dwarf;
				ENABLE_STRICT_OBJC_MSGSEND = YES;
				ENABLE_TESTABILITY = YES;
				GCC_C_LANGUAGE_STANDARD = gnu11;
				GCC_DYNAMIC_NO_PIC = NO;
				GCC_NO_COMMON_BLOCKS = YES;
				GCC_OPTIMIZATION_LEVEL = 0;
				GCC_PREPROCESSOR_DEFINITIONS = (
					"DEBUG=1",
					"$(inherited)",
				);
				GCC_WARN_64_TO_32_BIT_CONVERSION = YES;
				GCC_WARN_ABOUT_RETURN_TYPE = YES_ERROR;
				GCC_WARN_UNDECLARED_SELECTOR = YES;
				GCC_WARN_UNINITIALIZED_AUTOS = YES_AGGRESSIVE;
				GCC_WARN_UNUSED_FUNCTION = YES;
				GCC_WARN_UNUSED_VARIABLE = YES;
				IPHONEOS_DEPLOYMENT_TARGET = 13.4;
				MTL_ENABLE_DEBUG_INFO = INCLUDE_SOURCE;
				MTL_FAST_MATH = YES;
				ONLY_ACTIVE_ARCH = YES;
				SDKROOT = iphoneos;
				SWIFT_ACTIVE_COMPILATION_CONDITIONS = DEBUG;
				SWIFT_OPTIMIZATION_LEVEL = "-Onone";
			};
			name = Debug;
		};
		3FAC6A342496FBA5004300E7 /* Release */ = {
			isa = XCBuildConfiguration;
			buildSettings = {
				ALWAYS_SEARCH_USER_PATHS = NO;
				CLANG_ANALYZER_NONNULL = YES;
				CLANG_ANALYZER_NUMBER_OBJECT_CONVERSION = YES_AGGRESSIVE;
				CLANG_CXX_LANGUAGE_STANDARD = "gnu++14";
				CLANG_CXX_LIBRARY = "libc++";
				CLANG_ENABLE_MODULES = YES;
				CLANG_ENABLE_OBJC_ARC = YES;
				CLANG_ENABLE_OBJC_WEAK = YES;
				CLANG_WARN_BLOCK_CAPTURE_AUTORELEASING = YES;
				CLANG_WARN_BOOL_CONVERSION = YES;
				CLANG_WARN_COMMA = YES;
				CLANG_WARN_CONSTANT_CONVERSION = YES;
				CLANG_WARN_DEPRECATED_OBJC_IMPLEMENTATIONS = YES;
				CLANG_WARN_DIRECT_OBJC_ISA_USAGE = YES_ERROR;
				CLANG_WARN_DOCUMENTATION_COMMENTS = YES;
				CLANG_WARN_EMPTY_BODY = YES;
				CLANG_WARN_ENUM_CONVERSION = YES;
				CLANG_WARN_INFINITE_RECURSION = YES;
				CLANG_WARN_INT_CONVERSION = YES;
				CLANG_WARN_NON_LITERAL_NULL_CONVERSION = YES;
				CLANG_WARN_OBJC_IMPLICIT_RETAIN_SELF = YES;
				CLANG_WARN_OBJC_LITERAL_CONVERSION = YES;
				CLANG_WARN_OBJC_ROOT_CLASS = YES_ERROR;
				CLANG_WARN_RANGE_LOOP_ANALYSIS = YES;
				CLANG_WARN_STRICT_PROTOTYPES = YES;
				CLANG_WARN_SUSPICIOUS_MOVE = YES;
				CLANG_WARN_UNGUARDED_AVAILABILITY = YES_AGGRESSIVE;
				CLANG_WARN_UNREACHABLE_CODE = YES;
				CLANG_WARN__DUPLICATE_METHOD_MATCH = YES;
				COPY_PHASE_STRIP = NO;
				DEBUG_INFORMATION_FORMAT = "dwarf-with-dsym";
				ENABLE_NS_ASSERTIONS = NO;
				ENABLE_STRICT_OBJC_MSGSEND = YES;
				GCC_C_LANGUAGE_STANDARD = gnu11;
				GCC_NO_COMMON_BLOCKS = YES;
				GCC_WARN_64_TO_32_BIT_CONVERSION = YES;
				GCC_WARN_ABOUT_RETURN_TYPE = YES_ERROR;
				GCC_WARN_UNDECLARED_SELECTOR = YES;
				GCC_WARN_UNINITIALIZED_AUTOS = YES_AGGRESSIVE;
				GCC_WARN_UNUSED_FUNCTION = YES;
				GCC_WARN_UNUSED_VARIABLE = YES;
				IPHONEOS_DEPLOYMENT_TARGET = 13.4;
				MTL_ENABLE_DEBUG_INFO = NO;
				MTL_FAST_MATH = YES;
				SDKROOT = iphoneos;
				SWIFT_COMPILATION_MODE = wholemodule;
				SWIFT_OPTIMIZATION_LEVEL = "-O";
				VALIDATE_PRODUCT = YES;
			};
			name = Release;
		};
		3FAC6A362496FBA5004300E7 /* Debug */ = {
			isa = XCBuildConfiguration;
			baseConfigurationReference = FAFD7D0D8E94B218D7F3A553 /* Pods-ChatApp1.debug.xcconfig */;
			buildSettings = {
				ASSETCATALOG_COMPILER_APPICON_NAME = AppIcon;
				CODE_SIGN_STYLE = Automatic;
				DEVELOPMENT_TEAM = 2LXVG84X5Q;
				INFOPLIST_FILE = ChatApp1/Info.plist;
				LD_RUNPATH_SEARCH_PATHS = (
					"$(inherited)",
					"@executable_path/Frameworks",
				);
				PRODUCT_BUNDLE_IDENTIFIER = com.yuma.ChatApp1;
				PRODUCT_NAME = "$(TARGET_NAME)";
				SWIFT_VERSION = 5.0;
				TARGETED_DEVICE_FAMILY = 1;
			};
			name = Debug;
		};
		3FAC6A372496FBA5004300E7 /* Release */ = {
			isa = XCBuildConfiguration;
			baseConfigurationReference = 5DE270A09DD5252853AD8F7C /* Pods-ChatApp1.release.xcconfig */;
			buildSettings = {
				ASSETCATALOG_COMPILER_APPICON_NAME = AppIcon;
				CODE_SIGN_STYLE = Automatic;
				DEVELOPMENT_TEAM = 2LXVG84X5Q;
				INFOPLIST_FILE = ChatApp1/Info.plist;
				LD_RUNPATH_SEARCH_PATHS = (
					"$(inherited)",
					"@executable_path/Frameworks",
				);
				PRODUCT_BUNDLE_IDENTIFIER = com.yuma.ChatApp1;
				PRODUCT_NAME = "$(TARGET_NAME)";
				SWIFT_VERSION = 5.0;
				TARGETED_DEVICE_FAMILY = 1;
			};
			name = Release;
		};
/* End XCBuildConfiguration section */

/* Begin XCConfigurationList section */
		3FAC6A1C2496FB9D004300E7 /* Build configuration list for PBXProject "ChatApp1" */ = {
			isa = XCConfigurationList;
			buildConfigurations = (
				3FAC6A332496FBA5004300E7 /* Debug */,
				3FAC6A342496FBA5004300E7 /* Release */,
			);
			defaultConfigurationIsVisible = 0;
			defaultConfigurationName = Release;
		};
		3FAC6A352496FBA5004300E7 /* Build configuration list for PBXNativeTarget "ChatApp1" */ = {
			isa = XCConfigurationList;
			buildConfigurations = (
				3FAC6A362496FBA5004300E7 /* Debug */,
				3FAC6A372496FBA5004300E7 /* Release */,
			);
			defaultConfigurationIsVisible = 0;
			defaultConfigurationName = Release;
		};
/* End XCConfigurationList section */
	};
	rootObject = 3FAC6A192496FB9D004300E7 /* Project object */;
}
